# THIS IS AN AUTOGENERATED FILE. DO NOT EDIT THIS FILE DIRECTLY.
# yarn lockfile v1


"@babel/runtime@^7.12.1", "@babel/runtime@^7.9.2":
  version "7.21.5"
  resolved "https://registry.npmjs.org/@babel/runtime/-/runtime-7.21.5.tgz"
  integrity sha512-8jI69toZqqcsnqGGqwGS4Qb1VwLOEp4hz+CXPywcvjs60u3B4Pom/U/7rm4W8tMOYEB+E9wgD0mW1l3r8qlI9Q==
  dependencies:
    regenerator-runtime "^0.13.11"

"@reduxjs/toolkit@^1.9.5":
  version "1.9.5"
  resolved "https://registry.npmjs.org/@reduxjs/toolkit/-/toolkit-1.9.5.tgz"
  integrity sha512-Rt97jHmfTeaxL4swLRNPD/zV4OxTes4la07Xc4hetpUW/vc75t5m1ANyxG6ymnEQ2FsLQsoMlYB2vV1sO3m8tQ==
  dependencies:
    immer "^9.0.21"
    redux "^4.2.1"
    redux-thunk "^2.4.2"
    reselect "^4.1.8"

"@remix-run/router@1.6.2":
  version "1.6.2"
  resolved "https://registry.npmjs.org/@remix-run/router/-/router-1.6.2.tgz"
  integrity sha512-LzqpSrMK/3JBAVBI9u3NWtOhWNw5AMQfrUFYB0+bDHTSw17z++WJLsPsxAuK+oSddsxk4d7F/JcdDPM1M5YAhA==

"@supabase/functions-js@^2.1.0":
  version "2.1.1"
  resolved "https://registry.npmjs.org/@supabase/functions-js/-/functions-js-2.1.1.tgz"
  integrity sha512-bIR1Puae6W+1/MzPfYBWOG/SCWGo4B5CB7c0ZZksvliNEAzhxNBJ0UFKYINcGdGtxG8ZC+1xr3utWpNZNwnoRw==
  dependencies:
    cross-fetch "^3.1.5"

"@supabase/gotrue-js@^2.26.0":
  version "2.27.1"
  resolved "https://registry.npmjs.org/@supabase/gotrue-js/-/gotrue-js-2.27.1.tgz"
  integrity sha512-rewbfKTC9DZNnPy4rRpr5ViBXre55wEXPWOueh/ZgwunR1TGmntRcraIM6SDKrP6iRD6ucx325a467uZ5U+KWg==
  dependencies:
    cross-fetch "^3.1.5"

"@supabase/postgrest-js@^1.1.1":
  version "1.6.1"
  resolved "https://registry.npmjs.org/@supabase/postgrest-js/-/postgrest-js-1.6.1.tgz"
  integrity sha512-WDBUPOCOwcZonaCwEodwdA8hwWYOiXroDF9vWGxZxKAnuSVE2Ieci/kvhR4EsWvgGST2h90LRowgO+msXe8+fA==
  dependencies:
    cross-fetch "^3.1.5"

"@supabase/realtime-js@^2.7.2":
  version "2.7.2"
  resolved "https://registry.npmjs.org/@supabase/realtime-js/-/realtime-js-2.7.2.tgz"
  integrity sha512-Fi6xAl5PUkqnjl3wo4rdcQIbMG3+yTRX1aUZe/yfvTG84RMvmCXJ1yN6MmafVLeZpU1xkaz5Vx4L0tnHcLiy6w==
  dependencies:
    "@types/phoenix" "^1.5.4"
    "@types/websocket" "^1.0.3"
    websocket "^1.0.34"

"@supabase/storage-js@^2.5.1":
  version "2.5.1"
  resolved "https://registry.npmjs.org/@supabase/storage-js/-/storage-js-2.5.1.tgz"
  integrity sha512-nkR0fQA9ScAtIKA3vNoPEqbZv1k5B5HVRYEvRWdlP6mUpFphM9TwPL2jZ/ztNGMTG5xT6SrHr+H7Ykz8qzbhjw==
  dependencies:
    cross-fetch "^3.1.5"

"@supabase/supabase-js@^2.22.0":
  version "2.22.0"
  resolved "https://registry.npmjs.org/@supabase/supabase-js/-/supabase-js-2.22.0.tgz"
  integrity sha512-omkgSWL1HwnpXZZy+yshFLx/qqxwk9kx9jbRM6IHNEylKrH/sz6JX7rGyIOmN9niDxMRjsCu1nwuBhD6IiF2xg==
  dependencies:
    "@supabase/functions-js" "^2.1.0"
    "@supabase/gotrue-js" "^2.26.0"
    "@supabase/postgrest-js" "^1.1.1"
    "@supabase/realtime-js" "^2.7.2"
    "@supabase/storage-js" "^2.5.1"
    cross-fetch "^3.1.5"

"@types/hoist-non-react-statics@^3.3.1":
  version "3.3.1"
  resolved "https://registry.npmjs.org/@types/hoist-non-react-statics/-/hoist-non-react-statics-3.3.1.tgz"
  integrity sha512-iMIqiko6ooLrTh1joXodJK5X9xeEALT1kM5G3ZLhD3hszxBdIEd5C75U834D9mLcINgD4OyZf5uQXjkuYydWvA==
  dependencies:
    "@types/react" "*"
    hoist-non-react-statics "^3.3.0"

"@types/node@*":
  version "20.2.3"
  resolved "https://registry.npmjs.org/@types/node/-/node-20.2.3.tgz"
  integrity sha512-pg9d0yC4rVNWQzX8U7xb4olIOFuuVL9za3bzMT2pu2SU0SNEi66i2qrvhE2qt0HvkhuCaWJu7pLNOt/Pj8BIrw==

"@types/phoenix@^1.5.4":
  version "1.5.6"
  resolved "https://registry.npmjs.org/@types/phoenix/-/phoenix-1.5.6.tgz"
  integrity sha512-e7jZ6I9uyRGsg7MNwQcarmBvRlbGb9DibbocE9crVnxqsy6C23RMxLWbJ2CQ3vgCW7taoL1L+F02EcjA6ld7XA==

"@types/prop-types@*":
  version "15.7.5"
  resolved "https://registry.npmjs.org/@types/prop-types/-/prop-types-15.7.5.tgz"
  integrity sha512-JCB8C6SnDoQf0cNycqd/35A7MjcnK+ZTqE7judS6o7utxUCg6imJg3QK2qzHKszlTjcj2cn+NwMB2i96ubpj7w==

"@types/react@*", "@types/react@^16.8 || ^17.0 || ^18.0":
  version "18.2.6"
  resolved "https://registry.npmjs.org/@types/react/-/react-18.2.6.tgz"
  integrity sha512-wRZClXn//zxCFW+ye/D2qY65UsYP1Fpex2YXorHc8awoNamkMZSvBxwxdYVInsHOZZd2Ppq8isnSzJL5Mpf8OA==
  dependencies:
    "@types/prop-types" "*"
    "@types/scheduler" "*"
    csstype "^3.0.2"

"@types/scheduler@*":
  version "0.16.3"
  resolved "https://registry.npmjs.org/@types/scheduler/-/scheduler-0.16.3.tgz"
  integrity sha512-5cJ8CB4yAx7BH1oMvdU0Jh9lrEXyPkar6F9G/ERswkCuvP4KQZfZkSjcMbAICCpQTN4OuZn8tz0HiKv9TGZgrQ==

"@types/use-sync-external-store@^0.0.3":
  version "0.0.3"
  resolved "https://registry.npmjs.org/@types/use-sync-external-store/-/use-sync-external-store-0.0.3.tgz"
  integrity sha512-EwmlvuaxPNej9+T4v5AuBPJa2x2UOJVdjCtDHgcDqitUeOtjnJKJ+apYjVcAoBEMjKW1VVFGZLUb5+qqa09XFA==

"@types/websocket@^1.0.3":
  version "1.0.5"
  resolved "https://registry.npmjs.org/@types/websocket/-/websocket-1.0.5.tgz"
  integrity sha512-NbsqiNX9CnEfC1Z0Vf4mE1SgAJ07JnRYcNex7AJ9zAVzmiGHmjKFEk7O4TJIsgv2B1sLEb6owKFZrACwdYngsQ==
  dependencies:
    "@types/node" "*"

bufferutil@^4.0.1:
  version "4.0.7"
  resolved "https://registry.npmjs.org/bufferutil/-/bufferutil-4.0.7.tgz"
  integrity sha512-kukuqc39WOHtdxtw4UScxF/WVnMFVSQVKhtx3AjZJzhd0RGZZldcrfSEbVsWWe6KNH253574cq5F+wpv0G9pJw==
  dependencies:
    node-gyp-build "^4.3.0"

classnames@^2.2.5:
  version "2.3.2"
  resolved "https://registry.npmjs.org/classnames/-/classnames-2.3.2.tgz"
  integrity sha512-CSbhY4cFEJRe6/GQzIk5qXZ4Jeg5pcsP7b5peFSDpffpe1cqjASH/n9UTjBwOp6XpMSTwQ8Za2K5V02ueA7Tmw==

cross-fetch@^3.1.5:
  version "3.1.6"
  resolved "https://registry.npmjs.org/cross-fetch/-/cross-fetch-3.1.6.tgz"
  integrity sha512-riRvo06crlE8HiqOwIpQhxwdOk4fOeR7FVM/wXoxchFEqMNUjvbs3bfo4OTgMEMHzppd4DxFBDbyySj8Cv781g==
  dependencies:
    node-fetch "^2.6.11"

csstype@^3.0.2:
  version "3.1.2"
  resolved "https://registry.npmjs.org/csstype/-/csstype-3.1.2.tgz"
  integrity sha512-I7K1Uu0MBPzaFKg4nI5Q7Vs2t+3gWWW648spaF+Rg7pI9ds18Ugn+lvg4SHczUdKlHI5LWBXyqfS8+DufyBsgQ==

d@^1.0.1, d@1:
  version "1.0.1"
  resolved "https://registry.npmjs.org/d/-/d-1.0.1.tgz"
  integrity sha512-m62ShEObQ39CfralilEQRjH6oAMtNCV1xJyEx5LpRYUVN+EviphDgUc/F3hnYbADmkiNs67Y+3ylmlG7Lnu+FA==
  dependencies:
    es5-ext "^0.10.50"
    type "^1.0.1"

debug@^2.2.0:
  version "2.6.9"
  resolved "https://registry.npmjs.org/debug/-/debug-2.6.9.tgz"
  integrity sha512-bC7ElrdJaJnPbAP+1EotYvqZsb3ecl5wi6Bfi6BJTUcNowp6cvspg0jXznRTKDjm/E7AdgFBVeAPVMNcKGsHMA==
  dependencies:
    ms "2.0.0"

enquire.js@^2.1.6:
  version "2.1.6"
  resolved "https://registry.npmjs.org/enquire.js/-/enquire.js-2.1.6.tgz"
  integrity sha512-/KujNpO+PT63F7Hlpu4h3pE3TokKRHN26JYmQpPyjkRD/N57R7bPDNojMXdi7uveAKjYB7yQnartCxZnFWr0Xw==

es5-ext@^0.10.35, es5-ext@^0.10.50:
  version "0.10.62"
  resolved "https://registry.npmjs.org/es5-ext/-/es5-ext-0.10.62.tgz"
  integrity sha512-BHLqn0klhEpnOKSrzn/Xsz2UIW8j+cGmo9JLzr8BiUapV8hPL9+FliFqjwr9ngW7jWdnxv6eO+/LqyhJVqgrjA==
  dependencies:
    es6-iterator "^2.0.3"
    es6-symbol "^3.1.3"
    next-tick "^1.1.0"

es6-iterator@^2.0.3:
  version "2.0.3"
  resolved "https://registry.npmjs.org/es6-iterator/-/es6-iterator-2.0.3.tgz"
  integrity sha512-zw4SRzoUkd+cl+ZoE15A9o1oQd920Bb0iOJMQkQhl3jNc03YqVjAhG7scf9C5KWRU/R13Orf588uCC6525o02g==
  dependencies:
    d "1"
    es5-ext "^0.10.35"
    es6-symbol "^3.1.1"

es6-symbol@^3.1.1, es6-symbol@^3.1.3:
  version "3.1.3"
  resolved "https://registry.npmjs.org/es6-symbol/-/es6-symbol-3.1.3.tgz"
  integrity sha512-NJ6Yn3FuDinBaBRWl/q5X/s4koRHBrgKAu+yGI6JCBeiu3qrcbJhwT2GeR/EXVfylRk8dpQVJoLEFhK+Mu31NA==
  dependencies:
    d "^1.0.1"
    ext "^1.1.2"

ext@^1.1.2:
  version "1.7.0"
  resolved "https://registry.npmjs.org/ext/-/ext-1.7.0.tgz"
  integrity sha512-6hxeJYaL110a9b5TEJSj0gojyHQAmA2ch5Os+ySCiA1QGdS697XWY1pzsrSjqA9LDEEgdB/KypIlR59RcLuHYw==
  dependencies:
    type "^2.7.2"

hoist-non-react-statics@^3.3.0, hoist-non-react-statics@^3.3.2:
  version "3.3.2"
  resolved "https://registry.npmjs.org/hoist-non-react-statics/-/hoist-non-react-statics-3.3.2.tgz"
  integrity sha512-/gGivxi8JPKWNm/W0jSmzcMPpfpPLc3dY/6GxhX2hQ9iGj3aDfklV4ET7NjKpSinLpJ5vafa9iiGIEZg10SfBw==
  dependencies:
    react-is "^16.7.0"

immer@^9.0.21:
  version "9.0.21"
  resolved "https://registry.npmjs.org/immer/-/immer-9.0.21.tgz"
  integrity sha512-bc4NBHqOqSfRW7POMkHd51LvClaeMXpm8dx0e8oE2GORbq5aRK7Bxl4FyzVLdGtLmvLKL7BTDBG5ACQm4HWjTA==

is-typedarray@^1.0.0:
  version "1.0.0"
  resolved "https://registry.npmjs.org/is-typedarray/-/is-typedarray-1.0.0.tgz"
  integrity sha512-cyA56iCMHAh5CdzjJIa4aohJyeO1YbwLi3Jc35MmRU6poroFjIGZzUzupGiRPOjgHg9TLu43xbpwXk523fMxKA==

jquery@>=1.8.0:
  version "3.7.0"
  resolved "https://registry.npmjs.org/jquery/-/jquery-3.7.0.tgz"
  integrity sha512-umpJ0/k8X0MvD1ds0P9SfowREz2LenHsQaxSohMZ5OMNEU2r0tf8pdeEFTHMFxWVxKNyU9rTtK3CWzUCTKJUeQ==

"js-tokens@^3.0.0 || ^4.0.0":
  version "4.0.0"
  resolved "https://registry.npmjs.org/js-tokens/-/js-tokens-4.0.0.tgz"
  integrity sha512-RdJUflcE3cUzKiMqQgsCu06FPu9UdIJO0beYbPhHN4k6apgJtifcoCtT9bcxOpYBtpD2kCM6Sbzg4CausW/PKQ==

json2mq@^0.2.0:
  version "0.2.0"
  resolved "https://registry.npmjs.org/json2mq/-/json2mq-0.2.0.tgz"
  integrity sha512-SzoRg7ux5DWTII9J2qkrZrqV1gt+rTaoufMxEzXbS26Uid0NwaJd123HcoB80TgubEppxxIGdNxCx50fEoEWQA==
  dependencies:
    string-convert "^0.2.0"

lodash.debounce@^4.0.8:
  version "4.0.8"
  resolved "https://registry.npmjs.org/lodash.debounce/-/lodash.debounce-4.0.8.tgz"
  integrity sha512-FT1yDzDYEoYWhnSGnpE/4Kj1fLZkDFyqRb7fNt6FdYOSxlUWAtp42Eh6Wb0rGIv/m9Bgo7x4GhQbm5Ys4SG5ow==

loose-envify@^1.1.0:
  version "1.4.0"
  resolved "https://registry.npmjs.org/loose-envify/-/loose-envify-1.4.0.tgz"
  integrity sha512-lyuxPGr/Wfhrlem2CL/UcnUc1zcqKAImBDzukY7Y5F/yQiNdko6+fRLevlw1HgMySw7f611UIY408EtxRSoK3Q==
  dependencies:
    js-tokens "^3.0.0 || ^4.0.0"

ms@2.0.0:
  version "2.0.0"
  resolved "https://registry.npmjs.org/ms/-/ms-2.0.0.tgz"
  integrity sha512-Tpp60P6IUJDTuOq/5Z8cdskzJujfwqfOTkrwIwj7IRISpnkJnT6SyJ4PCPnGMoFjC9ddhal5KVIYtAt97ix05A==

next-tick@^1.1.0:
  version "1.1.0"
  resolved "https://registry.npmjs.org/next-tick/-/next-tick-1.1.0.tgz"
  integrity sha512-CXdUiJembsNjuToQvxayPZF9Vqht7hewsvy2sOWafLvi2awflj9mOC6bHIg50orX8IJvWKY9wYQ/zB2kogPslQ==

node-fetch@^2.6.11:
  version "2.6.11"
  resolved "https://registry.npmjs.org/node-fetch/-/node-fetch-2.6.11.tgz"
  integrity sha512-4I6pdBY1EthSqDmJkiNk3JIT8cswwR9nfeW/cPdUagJYEQG7R95WRH74wpz7ma8Gh/9dI9FP+OU+0E4FvtA55w==
  dependencies:
    whatwg-url "^5.0.0"

node-gyp-build@^4.3.0:
  version "4.6.0"
  resolved "https://registry.npmjs.org/node-gyp-build/-/node-gyp-build-4.6.0.tgz"
  integrity sha512-NTZVKn9IylLwUzaKjkas1e4u2DLNcV4rdYagA4PWdPwW87Bi7z+BznyKSRwS/761tV/lzCGXplWsiaMjLqP2zQ==

"react-dom@^0.14.0 || ^15.0.1 || ^16.0.0 || ^17.0.0 || ^18.0.0", "react-dom@^16.8 || ^17.0 || ^18.0", react-dom@>=16.8:
  version "18.2.0"
  resolved "https://registry.npmjs.org/react-dom/-/react-dom-18.2.0.tgz"
  integrity sha512-6IMTriUmvsjHUjNtEDudZfuDQUoWXVxKHhlEGSk81n4YFS+r/Kl99wXiwlVXtPBtJenozv2P+hxDsw9eA7Xo6g==
  dependencies:
    loose-envify "^1.1.0"
    scheduler "^0.23.0"

react-icons@^4.8.0:
  version "4.8.0"
  resolved "https://registry.npmjs.org/react-icons/-/react-icons-4.8.0.tgz"
  integrity sha512-N6+kOLcihDiAnj5Czu637waJqSnwlMNROzVZMhfX68V/9bu9qHaMIJC4UdozWoOk57gahFCNHwVvWzm0MTzRjg==

react-is@^16.7.0:
  version "16.13.1"
  resolved "https://registry.npmjs.org/react-is/-/react-is-16.13.1.tgz"
  integrity sha512-24e6ynE2H+OKt4kqsOvNd8kBpV65zoxbA4BVsEOB3ARVWQki/DHzaUoC5KuON/BiccDaCCTZBuOcfZs70kR8bQ==

react-is@^18.0.0:
  version "18.2.0"
  resolved "https://registry.npmjs.org/react-is/-/react-is-18.2.0.tgz"
  integrity sha512-xWGDIW6x921xtzPkhiULtthJHoJvBbF3q26fzloPCK0hsvxtPVelvftw3zjbHWSkR2km9Z+4uxbDDK/6Zw9B8w==

"react-redux@^7.2.1 || ^8.0.2", react-redux@^8.0.5:
  version "8.0.5"
  resolved "https://registry.npmjs.org/react-redux/-/react-redux-8.0.5.tgz"
  integrity sha512-Q2f6fCKxPFpkXt1qNRZdEDLlScsDWyrgSj0mliK59qU6W5gvBiKkdMEG2lJzhd1rCctf0hb6EtePPLZ2e0m1uw==
  dependencies:
    "@babel/runtime" "^7.12.1"
    "@types/hoist-non-react-statics" "^3.3.1"
    "@types/use-sync-external-store" "^0.0.3"
    hoist-non-react-statics "^3.3.2"
    react-is "^18.0.0"
    use-sync-external-store "^1.0.0"

react-router-dom@^6.11.2:
  version "6.11.2"
  resolved "https://registry.npmjs.org/react-router-dom/-/react-router-dom-6.11.2.tgz"
  integrity sha512-JNbKtAeh1VSJQnH6RvBDNhxNwemRj7KxCzc5jb7zvDSKRnPWIFj9pO+eXqjM69gQJ0r46hSz1x4l9y0651DKWw==
  dependencies:
    "@remix-run/router" "1.6.2"
    react-router "6.11.2"

react-router@6.11.2:
  version "6.11.2"
  resolved "https://registry.npmjs.org/react-router/-/react-router-6.11.2.tgz"
  integrity sha512-74z9xUSaSX07t3LM+pS6Un0T55ibUE/79CzfZpy5wsPDZaea1F8QkrsiyRnA2YQ7LwE/umaydzXZV80iDCPkMg==
  dependencies:
    "@remix-run/router" "1.6.2"

react-slick@^0.29.0:
  version "0.29.0"
  resolved "https://registry.npmjs.org/react-slick/-/react-slick-0.29.0.tgz"
  integrity sha512-TGdOKE+ZkJHHeC4aaoH85m8RnFyWqdqRfAGkhd6dirmATXMZWAxOpTLmw2Ll/jPTQ3eEG7ercFr/sbzdeYCJXA==
  dependencies:
    classnames "^2.2.5"
    enquire.js "^2.1.6"
    json2mq "^0.2.0"
    lodash.debounce "^4.0.8"
    resize-observer-polyfill "^1.5.0"

react@*, "react@^0.14.0 || ^15.0.1 || ^16.0.0 || ^17.0.0 || ^18.0.0", "react@^16.8 || ^17.0 || ^18.0", "react@^16.8.0 || ^17.0.0 || ^18.0.0", "react@^16.9.0 || ^17.0.0 || ^18", react@^18.2.0, react@>=16.8:
  version "18.2.0"
  resolved "https://registry.npmjs.org/react/-/react-18.2.0.tgz"
  integrity sha512-/3IjMdb2L9QbBdWiW5e3P2/npwMBaU9mHCSCUzNln0ZCYbcfTsGbTJrU/kGemdH2IWmB2ioZ+zkxtmq6g09fGQ==
  dependencies:
    loose-envify "^1.1.0"

redux-thunk@^2.4.2:
  version "2.4.2"
  resolved "https://registry.npmjs.org/redux-thunk/-/redux-thunk-2.4.2.tgz"
  integrity sha512-+P3TjtnP0k/FEjcBL5FZpoovtvrTNT/UXd4/sluaSyrURlSlhLSzEdfsTBW7WsKB6yPvgd7q/iZPICFjW4o57Q==

redux@^4, redux@^4.2.1:
  version "4.2.1"
  resolved "https://registry.npmjs.org/redux/-/redux-4.2.1.tgz"
  integrity sha512-LAUYz4lc+Do8/g7aeRa8JkyDErK6ekstQaqWQrNRW//MY1TvCEpMtpTWvlQ+FPbWCx+Xixu/6SHt5N0HR+SB4w==
  dependencies:
    "@babel/runtime" "^7.9.2"

regenerator-runtime@^0.13.11:
  version "0.13.11"
  resolved "https://registry.npmjs.org/regenerator-runtime/-/regenerator-runtime-0.13.11.tgz"
  integrity sha512-kY1AZVr2Ra+t+piVaJ4gxaFaReZVH40AKNo7UCX6W+dEwBo/2oZJzqfuN1qLq1oL45o56cPaTXELwrTh8Fpggg==

reselect@^4.1.8:
  version "4.1.8"
  resolved "https://registry.npmjs.org/reselect/-/reselect-4.1.8.tgz"
  integrity sha512-ab9EmR80F/zQTMNeneUr4cv+jSwPJgIlvEmVwLerwrWVbpLlBuls9XHzIeTFy4cegU2NHBp3va0LKOzU5qFEYQ==

resize-observer-polyfill@^1.5.0:
  version "1.5.1"
  resolved "https://registry.npmjs.org/resize-observer-polyfill/-/resize-observer-polyfill-1.5.1.tgz"
  integrity sha512-LwZrotdHOo12nQuZlHEmtuXdqGoOD0OhaxopaNFxWzInpEgaLWoVuAMbTzixuosCx2nEG58ngzW3vxdWoxIgdg==

scheduler@^0.23.0:
  version "0.23.0"
  resolved "https://registry.npmjs.org/scheduler/-/scheduler-0.23.0.tgz"
  integrity sha512-CtuThmgHNg7zIZWAXi3AsyIzA3n4xx7aNyjwC2VJldO2LMVDhFK+63xGqq6CsJH4rTAt6/M+N4GhZiDYPx9eUw==
  dependencies:
    loose-envify "^1.1.0"

slick-carousel@^1.8.1:
  version "1.8.1"
  resolved "https://registry.npmjs.org/slick-carousel/-/slick-carousel-1.8.1.tgz"
  integrity sha512-XB9Ftrf2EEKfzoQXt3Nitrt/IPbT+f1fgqBdoxO3W/+JYvtEOW6EgxnWfr9GH6nmULv7Y2tPmEX3koxThVmebA==

string-convert@^0.2.0:
  version "0.2.1"
  resolved "https://registry.npmjs.org/string-convert/-/string-convert-0.2.1.tgz"
  integrity sha512-u/1tdPl4yQnPBjnVrmdLo9gtuLvELKsAoRapekWggdiQNvvvum+jYF329d84NAa660KQw7pB2n36KrIKVoXa3A==

tr46@~0.0.3:
  version "0.0.3"
  resolved "https://registry.npmjs.org/tr46/-/tr46-0.0.3.tgz"
  integrity sha512-N3WMsuqV66lT30CrXNbEjx4GEwlow3v6rr4mCcv6prnfwhS01rkgyFdjPNBYd9br7LpXV1+Emh01fHnq2Gdgrw==

type@^1.0.1:
  version "1.2.0"
  resolved "https://registry.npmjs.org/type/-/type-1.2.0.tgz"
  integrity sha512-+5nt5AAniqsCnu2cEQQdpzCAh33kVx8n0VoFidKpB1dVVLAN/F+bgVOqOJqOnEnrhp222clB5p3vUlD+1QAnfg==

type@^2.7.2:
  version "2.7.2"
  resolved "https://registry.npmjs.org/type/-/type-2.7.2.tgz"
  integrity sha512-dzlvlNlt6AXU7EBSfpAscydQ7gXB+pPGsPnfJnZpiNJBDj7IaJzQlBZYGdEi4R9HmPdBv2XmWJ6YUtoTa7lmCw==

typedarray-to-buffer@^3.1.5:
  version "3.1.5"
  resolved "https://registry.npmjs.org/typedarray-to-buffer/-/typedarray-to-buffer-3.1.5.tgz"
  integrity sha512-zdu8XMNEDepKKR+XYOXAVPtWui0ly0NtohUscw+UmaHiAWT8hrV1rr//H6V+0DvJ3OQ19S979M0laLfX8rm82Q==
  dependencies:
    is-typedarray "^1.0.0"

use-sync-external-store@^1.0.0:
  version "1.2.0"
  resolved "https://registry.npmjs.org/use-sync-external-store/-/use-sync-external-store-1.2.0.tgz"
  integrity sha512-eEgnFxGQ1Ife9bzYs6VLi8/4X6CObHMw9Qr9tPY43iKwsPw8xE8+EFsf/2cFZ5S3esXgpWgtSCtLNS41F+sKPA==

utf-8-validate@^5.0.2:
  version "5.0.10"
  resolved "https://registry.npmjs.org/utf-8-validate/-/utf-8-validate-5.0.10.tgz"
  integrity sha512-Z6czzLq4u8fPOyx7TU6X3dvUZVvoJmxSQ+IcrlmagKhilxlhZgxPK6C5Jqbkw1IDUmFTM+cz9QDnnLTwDz/2gQ==
  dependencies:
    node-gyp-build "^4.3.0"

webidl-conversions@^3.0.0:
  version "3.0.1"
  resolved "https://registry.npmjs.org/webidl-conversions/-/webidl-conversions-3.0.1.tgz"
  integrity sha512-2JAn3z8AR6rjK8Sm8orRC0h/bcl/DqL7tRPdGZ4I1CjdF+EaMLmYxBHyXuKL849eucPFhvBoxMsflfOb8kxaeQ==

websocket@^1.0.34:
  version "1.0.34"
  resolved "https://registry.npmjs.org/websocket/-/websocket-1.0.34.tgz"
  integrity sha512-PRDso2sGwF6kM75QykIesBijKSVceR6jL2G8NGYyq2XrItNC2P5/qL5XeR056GhA+Ly7JMFvJb9I312mJfmqnQ==
  dependencies:
    bufferutil "^4.0.1"
    debug "^2.2.0"
    es5-ext "^0.10.50"
    typedarray-to-buffer "^3.1.5"
    utf-8-validate "^5.0.2"
    yaeti "^0.0.6"

whatwg-url@^5.0.0:
  version "5.0.0"
  resolved "https://registry.npmjs.org/whatwg-url/-/whatwg-url-5.0.0.tgz"
  integrity sha512-saE57nupxk6v3HY35+jzBwYa0rKSy0XR8JSxZPwgLr7ys0IBzhGviA1/TUGJLmSVqs8pb9AnvICXEuOHLprYTw==
  dependencies:
    tr46 "~0.0.3"
    webidl-conversions "^3.0.0"

yaeti@^0.0.6:
  version "0.0.6"
  resolved "https://registry.npmjs.org/yaeti/-/yaeti-0.0.6.tgz"
  integrity sha512-MvQa//+KcZCUkBTIC9blM+CU9J2GzuTytsOUwf2lidtvkx/6gnEp1QvJv34t9vdjhFmha/mUiNDbN0D0mJWdug==
